
Microsoft Visual Studio Solution File, Format Version 12.00
# Visual Studio Version 17
VisualStudioVersion = 17.9.34622.214
MinimumVisualStudioVersion = 10.0.40219.1
Project("{FAE04EC0-301F-11D3-BF4B-00C04F79EFBC}") = "Ticket_BotTG", "Ticket_BotTG\Ticket_BotTG.csproj", "{97085163-8492-4F94-8E96-B7C64CE54CB8}"
EndProject
Global
	GlobalSection(SolutionConfigurationPlatforms) = preSolution
		Debug|Any CPU = Debug|Any CPU
		Release|Any CPU = Release|Any CPU
	EndGlobalSection
	GlobalSection(ProjectConfigurationPlatforms) = postSolution
		{97085163-8492-4F94-8E96-B7C64CE54CB8}.Debug|Any CPU.ActiveCfg = Debug|Any CPU
		{97085163-8492-4F94-8E96-B7C64CE54CB8}.Debug|Any CPU.Build.0 = Debug|Any CPU
		{97085163-8492-4F94-8E96-B7C64CE54CB8}.Release|Any CPU.ActiveCfg = Release|Any CPU
		{97085163-8492-4F94-8E96-B7C64CE54CB8}.Release|Any CPU.Build.0 = Release|Any CPU
	EndGlobalSection
	GlobalSection(SolutionProperties) = preSolution
		HideSolutionNode = FALSE
	EndGlobalSection
	GlobalSection(ExtensibilityGlobals) = postSolution
		SolutionGuid = {8A3D74F9-5742-49CB-9834-EAD9D3FEA445}
	EndGlobalSection
EndGlobal
